
Microsoft Visual Studio Solution File, Format Version 12.00
# Visual Studio Version 16
VisualStudioVersion = 16.0.30804.86
MinimumVisualStudioVersion = 10.0.40219.1
Project("{9A19103F-16F7-4668-BE54-9A1E7A4F7556}") = "Showroom.Models", "Shared\Showroom.Models\Showroom.Models.csproj", "{0ECBEA48-27E2-4176-905F-093D25DC0477}"
EndProject
Project("{9A19103F-16F7-4668-BE54-9A1E7A4F7556}") = "Showroom.Presentation", "Presentation\Showroom.Presentation.csproj", "{7671E1AA-EC26-47EC-BFC4-6C3FAD1C5002}"
EndProject
Project("{9A19103F-16F7-4668-BE54-9A1E7A4F7556}") = "Showroom", "Showroom\Showroom.csproj", "{06D37775-4F0A-4C55-BF04-070269FE65FB}"
EndProject
Project("{9A19103F-16F7-4668-BE54-9A1E7A4F7556}") = "Showroom.Api", "Showroom.Api\Showroom.Api.csproj", "{F49BF050-386A-4264-A905-A75506290982}"
EndProject
Global
	GlobalSection(SolutionConfigurationPlatforms) = preSolution
		Debug|Any CPU = Debug|Any CPU
		Release|Any CPU = Release|Any CPU
	EndGlobalSection
	GlobalSection(ProjectConfigurationPlatforms) = postSolution
		{0ECBEA48-27E2-4176-905F-093D25DC0477}.Debug|Any CPU.ActiveCfg = Debug|Any CPU
		{0ECBEA48-27E2-4176-905F-093D25DC0477}.Debug|Any CPU.Build.0 = Debug|Any CPU
		{0ECBEA48-27E2-4176-905F-093D25DC0477}.Release|Any CPU.ActiveCfg = Release|Any CPU
		{0ECBEA48-27E2-4176-905F-093D25DC0477}.Release|Any CPU.Build.0 = Release|Any CPU
		{7671E1AA-EC26-47EC-BFC4-6C3FAD1C5002}.Debug|Any CPU.ActiveCfg = Debug|Any CPU
		{7671E1AA-EC26-47EC-BFC4-6C3FAD1C5002}.Debug|Any CPU.Build.0 = Debug|Any CPU
		{7671E1AA-EC26-47EC-BFC4-6C3FAD1C5002}.Release|Any CPU.ActiveCfg = Release|Any CPU
		{7671E1AA-EC26-47EC-BFC4-6C3FAD1C5002}.Release|Any CPU.Build.0 = Release|Any CPU
		{06D37775-4F0A-4C55-BF04-070269FE65FB}.Debug|Any CPU.ActiveCfg = Debug|Any CPU
		{06D37775-4F0A-4C55-BF04-070269FE65FB}.Debug|Any CPU.Build.0 = Debug|Any CPU
		{06D37775-4F0A-4C55-BF04-070269FE65FB}.Release|Any CPU.ActiveCfg = Release|Any CPU
		{06D37775-4F0A-4C55-BF04-070269FE65FB}.Release|Any CPU.Build.0 = Release|Any CPU
		{F49BF050-386A-4264-A905-A75506290982}.Debug|Any CPU.ActiveCfg = Debug|Any CPU
		{F49BF050-386A-4264-A905-A75506290982}.Debug|Any CPU.Build.0 = Debug|Any CPU
		{F49BF050-386A-4264-A905-A75506290982}.Release|Any CPU.ActiveCfg = Release|Any CPU
		{F49BF050-386A-4264-A905-A75506290982}.Release|Any CPU.Build.0 = Release|Any CPU
	EndGlobalSection
	GlobalSection(SolutionProperties) = preSolution
		HideSolutionNode = FALSE
	EndGlobalSection
	GlobalSection(ExtensibilityGlobals) = postSolution
		SolutionGuid = {270C892E-3001-45A0-9245-6324AA8094B2}
	EndGlobalSection
EndGlobal
